{
  "name": "lang-transition",
  "version": "1.0.0",
  "lockfileVersion": 3,
  "requires": true,
  "packages": {
    "": {
      "name": "lang-transition",
      "version": "1.0.0",
      "license": "ISC",
      "devDependencies": {
        "@babel/parser": "^7.24.6",
        "prettier": "^3.2.5",
        "xlsx": "^0.20.2"
      }
    },
    "node_modules/@babel/parser": {
      "version": "7.24.6",
      "resolved": "https://npm.shoplazza.site/@babel%2fparser/-/parser-7.24.6.tgz",
      "integrity": "sha512-eNZXdfU35nJC2h24RznROuOpO94h6x8sg9ju0tT9biNtLZ2vuP8SduLqqV+/8+cebSLV9SJEAN5Z3zQbJG/M+Q==",
      "dev": true,
      "bin": {
        "parser": "bin/babel-parser.js"
      },
      "engines": {
        "node": ">=6.0.0"
      }
    },
    "node_modules/prettier": {
      "version": "3.2.5",
      "resolved": "https://npm.shoplazza.site/prettier/-/prettier-3.2.5.tgz",
      "integrity": "sha512-3/GWa9aOC0YeD7LUfvOG2NiDyhOWRvt1k+rcKhOuYnMY24iiCphgneUfJDyFXd6rZCAnuLBv6UeAULtrhT/F4A==",
      "dev": true,
      "bin": {
        "prettier": "bin/prettier.cjs"
      },
      "engines": {
        "node": ">=14"
      },
      "funding": {
        "url": "https://github.com/prettier/prettier?sponsor=1"
      }
    },
    "node_modules/xlsx": {
      "version": "0.20.2",
      "resolved": "https://cdn.sheetjs.com/xlsx-0.20.2/xlsx-0.20.2.tgz",
      "integrity": "sha512-+nKZ39+nvK7Qq6i0PvWWRA4j/EkfWOtkP/YhMtupm+lJIiHxUrgTr1CcKv1nBk1rHtkRRQ3O2+Ih/q/sA+FXZA==",
      "dev": true,
      "bin": {
        "xlsx": "bin/xlsx.njs"
      },
      "engines": {
        "node": ">=0.8"
      }
    }
  }
}
